
Microsoft Visual Studio Solution File, Format Version 12.00
# Visual Studio Version 16
VisualStudioVersion = 16.0.31205.134
MinimumVisualStudioVersion = 10.0.40219.1
Project("{FAE04EC0-301F-11D3-BF4B-00C04F79EFBC}") = "SquareChaser", "SquareChaser\SquareChaser.csproj", "{DCEE5CA6-A989-4B76-8F10-DFB14C29AEBE}"
EndProject
Global
	GlobalSection(SolutionConfigurationPlatforms) = preSolution
		Debug|Any CPU = Debug|Any CPU
		Release|Any CPU = Release|Any CPU
	EndGlobalSection
	GlobalSection(ProjectConfigurationPlatforms) = postSolution
		{DCEE5CA6-A989-4B76-8F10-DFB14C29AEBE}.Debug|Any CPU.ActiveCfg = Debug|Any CPU
		{DCEE5CA6-A989-4B76-8F10-DFB14C29AEBE}.Debug|Any CPU.Build.0 = Debug|Any CPU
		{DCEE5CA6-A989-4B76-8F10-DFB14C29AEBE}.Release|Any CPU.ActiveCfg = Release|Any CPU
		{DCEE5CA6-A989-4B76-8F10-DFB14C29AEBE}.Release|Any CPU.Build.0 = Release|Any CPU
	EndGlobalSection
	GlobalSection(SolutionProperties) = preSolution
		HideSolutionNode = FALSE
	EndGlobalSection
	GlobalSection(ExtensibilityGlobals) = postSolution
		SolutionGuid = {675B37D3-AD76-4E31-8EF4-F93813EB28CB}
	EndGlobalSection
EndGlobal
